
Microsoft Visual Studio Solution File, Format Version 12.00
# Visual Studio 2013
VisualStudioVersion = 12.0.21005.1
MinimumVisualStudioVersion = 10.0.40219.1
Project("{FAE04EC0-301F-11D3-BF4B-00C04F79EFBC}") = "01", "01\01.csproj", "{8153C8D9-F737-4145-9161-F672A39ED8DF}"
EndProject
Project("{FAE04EC0-301F-11D3-BF4B-00C04F79EFBC}") = "02", "02\02.csproj", "{9E82515B-305D-496C-9979-8C606720B95D}"
EndProject
Project("{FAE04EC0-301F-11D3-BF4B-00C04F79EFBC}") = "03", "03\03.csproj", "{B9DFCA54-55AC-48B1-A829-F7BC6DEC9FE9}"
EndProject
Project("{FAE04EC0-301F-11D3-BF4B-00C04F79EFBC}") = "04", "04\04.csproj", "{AD990E05-E688-4526-AF23-45C68915EEAE}"
EndProject
Global
	GlobalSection(SolutionConfigurationPlatforms) = preSolution
		Debug|Any CPU = Debug|Any CPU
		Release|Any CPU = Release|Any CPU
	EndGlobalSection
	GlobalSection(ProjectConfigurationPlatforms) = postSolution
		{8153C8D9-F737-4145-9161-F672A39ED8DF}.Debug|Any CPU.ActiveCfg = Debug|Any CPU
		{8153C8D9-F737-4145-9161-F672A39ED8DF}.Debug|Any CPU.Build.0 = Debug|Any CPU
		{8153C8D9-F737-4145-9161-F672A39ED8DF}.Release|Any CPU.ActiveCfg = Release|Any CPU
		{8153C8D9-F737-4145-9161-F672A39ED8DF}.Release|Any CPU.Build.0 = Release|Any CPU
		{9E82515B-305D-496C-9979-8C606720B95D}.Debug|Any CPU.ActiveCfg = Debug|Any CPU
		{9E82515B-305D-496C-9979-8C606720B95D}.Debug|Any CPU.Build.0 = Debug|Any CPU
		{9E82515B-305D-496C-9979-8C606720B95D}.Release|Any CPU.ActiveCfg = Release|Any CPU
		{9E82515B-305D-496C-9979-8C606720B95D}.Release|Any CPU.Build.0 = Release|Any CPU
		{B9DFCA54-55AC-48B1-A829-F7BC6DEC9FE9}.Debug|Any CPU.ActiveCfg = Debug|Any CPU
		{B9DFCA54-55AC-48B1-A829-F7BC6DEC9FE9}.Debug|Any CPU.Build.0 = Debug|Any CPU
		{B9DFCA54-55AC-48B1-A829-F7BC6DEC9FE9}.Release|Any CPU.ActiveCfg = Release|Any CPU
		{B9DFCA54-55AC-48B1-A829-F7BC6DEC9FE9}.Release|Any CPU.Build.0 = Release|Any CPU
		{AD990E05-E688-4526-AF23-45C68915EEAE}.Debug|Any CPU.ActiveCfg = Debug|Any CPU
		{AD990E05-E688-4526-AF23-45C68915EEAE}.Debug|Any CPU.Build.0 = Debug|Any CPU
		{AD990E05-E688-4526-AF23-45C68915EEAE}.Release|Any CPU.ActiveCfg = Release|Any CPU
		{AD990E05-E688-4526-AF23-45C68915EEAE}.Release|Any CPU.Build.0 = Release|Any CPU
	EndGlobalSection
	GlobalSection(SolutionProperties) = preSolution
		HideSolutionNode = FALSE
	EndGlobalSection
EndGlobal
