
Microsoft Visual Studio Solution File, Format Version 12.00
# Visual Studio 2013
VisualStudioVersion = 12.0.21005.1
MinimumVisualStudioVersion = 10.0.40219.1
Project("{FAE04EC0-301F-11D3-BF4B-00C04F79EFBC}") = "01", "01\01.csproj", "{A249DAF2-22C8-4D5A-BD2D-B929CE59D4F8}"
EndProject
Project("{FAE04EC0-301F-11D3-BF4B-00C04F79EFBC}") = "02", "02\02.csproj", "{6646C9D4-F973-48DE-B385-0DAC37C79ECD}"
EndProject
Project("{FAE04EC0-301F-11D3-BF4B-00C04F79EFBC}") = "03", "03\03.csproj", "{95C2C37D-3AD5-4DCD-A09C-20A1570118D5}"
EndProject
Project("{FAE04EC0-301F-11D3-BF4B-00C04F79EFBC}") = "04", "04\04.csproj", "{37130BED-2F3E-4684-BF5E-63E797B96D26}"
EndProject
Project("{FAE04EC0-301F-11D3-BF4B-00C04F79EFBC}") = "05", "05\05.csproj", "{336DC2AB-D4D9-4314-A9E1-7B99EC34E271}"
EndProject
Project("{FAE04EC0-301F-11D3-BF4B-00C04F79EFBC}") = "06", "06\06.csproj", "{028E13FF-8BA3-41B4-9DC1-5F06C13EA89C}"
EndProject
Project("{FAE04EC0-301F-11D3-BF4B-00C04F79EFBC}") = "07", "07\07.csproj", "{D81E2817-066E-4E93-9A1E-2FB03396F630}"
EndProject
Project("{FAE04EC0-301F-11D3-BF4B-00C04F79EFBC}") = "08", "08\08.csproj", "{D925ADC1-84A0-40E1-A860-10CEDF66D6CD}"
EndProject
Project("{FAE04EC0-301F-11D3-BF4B-00C04F79EFBC}") = "09", "09\09.csproj", "{4A71B443-60F3-4E26-90B5-676DE0B24B74}"
EndProject
Project("{FAE04EC0-301F-11D3-BF4B-00C04F79EFBC}") = "10", "10\10.csproj", "{5F875DE4-B54B-44A0-881E-253A386DDAFC}"
EndProject
Project("{FAE04EC0-301F-11D3-BF4B-00C04F79EFBC}") = "11", "11\11.csproj", "{47827F44-7074-449F-80E4-EF6A9D05FD36}"
EndProject
Project("{FAE04EC0-301F-11D3-BF4B-00C04F79EFBC}") = "12", "12\12.csproj", "{6DF3F15F-C76F-48C9-A06B-59A1EC704FA6}"
EndProject
Project("{FAE04EC0-301F-11D3-BF4B-00C04F79EFBC}") = "13", "13\13.csproj", "{5E6B9A91-8CD1-4B05-9831-B722EDC4C2CA}"
EndProject
Global
	GlobalSection(SolutionConfigurationPlatforms) = preSolution
		Debug|Any CPU = Debug|Any CPU
		Release|Any CPU = Release|Any CPU
	EndGlobalSection
	GlobalSection(ProjectConfigurationPlatforms) = postSolution
		{A249DAF2-22C8-4D5A-BD2D-B929CE59D4F8}.Debug|Any CPU.ActiveCfg = Debug|Any CPU
		{A249DAF2-22C8-4D5A-BD2D-B929CE59D4F8}.Debug|Any CPU.Build.0 = Debug|Any CPU
		{A249DAF2-22C8-4D5A-BD2D-B929CE59D4F8}.Release|Any CPU.ActiveCfg = Release|Any CPU
		{A249DAF2-22C8-4D5A-BD2D-B929CE59D4F8}.Release|Any CPU.Build.0 = Release|Any CPU
		{6646C9D4-F973-48DE-B385-0DAC37C79ECD}.Debug|Any CPU.ActiveCfg = Debug|Any CPU
		{6646C9D4-F973-48DE-B385-0DAC37C79ECD}.Debug|Any CPU.Build.0 = Debug|Any CPU
		{6646C9D4-F973-48DE-B385-0DAC37C79ECD}.Release|Any CPU.ActiveCfg = Release|Any CPU
		{6646C9D4-F973-48DE-B385-0DAC37C79ECD}.Release|Any CPU.Build.0 = Release|Any CPU
		{95C2C37D-3AD5-4DCD-A09C-20A1570118D5}.Debug|Any CPU.ActiveCfg = Debug|Any CPU
		{95C2C37D-3AD5-4DCD-A09C-20A1570118D5}.Debug|Any CPU.Build.0 = Debug|Any CPU
		{95C2C37D-3AD5-4DCD-A09C-20A1570118D5}.Release|Any CPU.ActiveCfg = Release|Any CPU
		{95C2C37D-3AD5-4DCD-A09C-20A1570118D5}.Release|Any CPU.Build.0 = Release|Any CPU
		{37130BED-2F3E-4684-BF5E-63E797B96D26}.Debug|Any CPU.ActiveCfg = Debug|Any CPU
		{37130BED-2F3E-4684-BF5E-63E797B96D26}.Debug|Any CPU.Build.0 = Debug|Any CPU
		{37130BED-2F3E-4684-BF5E-63E797B96D26}.Release|Any CPU.ActiveCfg = Release|Any CPU
		{37130BED-2F3E-4684-BF5E-63E797B96D26}.Release|Any CPU.Build.0 = Release|Any CPU
		{336DC2AB-D4D9-4314-A9E1-7B99EC34E271}.Debug|Any CPU.ActiveCfg = Debug|Any CPU
		{336DC2AB-D4D9-4314-A9E1-7B99EC34E271}.Debug|Any CPU.Build.0 = Debug|Any CPU
		{336DC2AB-D4D9-4314-A9E1-7B99EC34E271}.Release|Any CPU.ActiveCfg = Release|Any CPU
		{336DC2AB-D4D9-4314-A9E1-7B99EC34E271}.Release|Any CPU.Build.0 = Release|Any CPU
		{028E13FF-8BA3-41B4-9DC1-5F06C13EA89C}.Debug|Any CPU.ActiveCfg = Debug|Any CPU
		{028E13FF-8BA3-41B4-9DC1-5F06C13EA89C}.Debug|Any CPU.Build.0 = Debug|Any CPU
		{028E13FF-8BA3-41B4-9DC1-5F06C13EA89C}.Release|Any CPU.ActiveCfg = Release|Any CPU
		{028E13FF-8BA3-41B4-9DC1-5F06C13EA89C}.Release|Any CPU.Build.0 = Release|Any CPU
		{D81E2817-066E-4E93-9A1E-2FB03396F630}.Debug|Any CPU.ActiveCfg = Debug|Any CPU
		{D81E2817-066E-4E93-9A1E-2FB03396F630}.Debug|Any CPU.Build.0 = Debug|Any CPU
		{D81E2817-066E-4E93-9A1E-2FB03396F630}.Release|Any CPU.ActiveCfg = Release|Any CPU
		{D81E2817-066E-4E93-9A1E-2FB03396F630}.Release|Any CPU.Build.0 = Release|Any CPU
		{D925ADC1-84A0-40E1-A860-10CEDF66D6CD}.Debug|Any CPU.ActiveCfg = Debug|Any CPU
		{D925ADC1-84A0-40E1-A860-10CEDF66D6CD}.Debug|Any CPU.Build.0 = Debug|Any CPU
		{D925ADC1-84A0-40E1-A860-10CEDF66D6CD}.Release|Any CPU.ActiveCfg = Release|Any CPU
		{D925ADC1-84A0-40E1-A860-10CEDF66D6CD}.Release|Any CPU.Build.0 = Release|Any CPU
		{4A71B443-60F3-4E26-90B5-676DE0B24B74}.Debug|Any CPU.ActiveCfg = Debug|Any CPU
		{4A71B443-60F3-4E26-90B5-676DE0B24B74}.Debug|Any CPU.Build.0 = Debug|Any CPU
		{4A71B443-60F3-4E26-90B5-676DE0B24B74}.Release|Any CPU.ActiveCfg = Release|Any CPU
		{4A71B443-60F3-4E26-90B5-676DE0B24B74}.Release|Any CPU.Build.0 = Release|Any CPU
		{5F875DE4-B54B-44A0-881E-253A386DDAFC}.Debug|Any CPU.ActiveCfg = Debug|Any CPU
		{5F875DE4-B54B-44A0-881E-253A386DDAFC}.Debug|Any CPU.Build.0 = Debug|Any CPU
		{5F875DE4-B54B-44A0-881E-253A386DDAFC}.Release|Any CPU.ActiveCfg = Release|Any CPU
		{5F875DE4-B54B-44A0-881E-253A386DDAFC}.Release|Any CPU.Build.0 = Release|Any CPU
		{47827F44-7074-449F-80E4-EF6A9D05FD36}.Debug|Any CPU.ActiveCfg = Debug|Any CPU
		{47827F44-7074-449F-80E4-EF6A9D05FD36}.Debug|Any CPU.Build.0 = Debug|Any CPU
		{47827F44-7074-449F-80E4-EF6A9D05FD36}.Release|Any CPU.ActiveCfg = Release|Any CPU
		{47827F44-7074-449F-80E4-EF6A9D05FD36}.Release|Any CPU.Build.0 = Release|Any CPU
		{6DF3F15F-C76F-48C9-A06B-59A1EC704FA6}.Debug|Any CPU.ActiveCfg = Debug|Any CPU
		{6DF3F15F-C76F-48C9-A06B-59A1EC704FA6}.Debug|Any CPU.Build.0 = Debug|Any CPU
		{6DF3F15F-C76F-48C9-A06B-59A1EC704FA6}.Release|Any CPU.ActiveCfg = Release|Any CPU
		{6DF3F15F-C76F-48C9-A06B-59A1EC704FA6}.Release|Any CPU.Build.0 = Release|Any CPU
		{5E6B9A91-8CD1-4B05-9831-B722EDC4C2CA}.Debug|Any CPU.ActiveCfg = Debug|Any CPU
		{5E6B9A91-8CD1-4B05-9831-B722EDC4C2CA}.Debug|Any CPU.Build.0 = Debug|Any CPU
		{5E6B9A91-8CD1-4B05-9831-B722EDC4C2CA}.Release|Any CPU.ActiveCfg = Release|Any CPU
		{5E6B9A91-8CD1-4B05-9831-B722EDC4C2CA}.Release|Any CPU.Build.0 = Release|Any CPU
	EndGlobalSection
	GlobalSection(SolutionProperties) = preSolution
		HideSolutionNode = FALSE
	EndGlobalSection
EndGlobal
