
Microsoft Visual Studio Solution File, Format Version 12.00
# Visual Studio 2013
VisualStudioVersion = 12.0.21005.1
MinimumVisualStudioVersion = 10.0.40219.1
Project("{FAE04EC0-301F-11D3-BF4B-00C04F79EFBC}") = "ConsoleApplication1", "ConsoleApplication1\ConsoleApplication1.csproj", "{B1F4D9F3-73FB-4399-A84B-9D99C1700E96}"
EndProject
Project("{FAE04EC0-301F-11D3-BF4B-00C04F79EFBC}") = "ConsoleApplication2", "ConsoleApplication2\ConsoleApplication2.csproj", "{636BCCB6-C023-4D99-9505-12064DAF4B89}"
EndProject
Project("{FAE04EC0-301F-11D3-BF4B-00C04F79EFBC}") = "ConsoleApplication3", "ConsoleApplication3\ConsoleApplication3.csproj", "{AEE3BFB3-E173-4E21-A70C-EE772E8E0BF7}"
EndProject
Project("{FAE04EC0-301F-11D3-BF4B-00C04F79EFBC}") = "ConsoleApplication4", "ConsoleApplication4\ConsoleApplication4.csproj", "{6F2AE717-73BB-4BA3-8C1D-E672622093FA}"
EndProject
Global
	GlobalSection(SolutionConfigurationPlatforms) = preSolution
		Debug|Any CPU = Debug|Any CPU
		Release|Any CPU = Release|Any CPU
	EndGlobalSection
	GlobalSection(ProjectConfigurationPlatforms) = postSolution
		{B1F4D9F3-73FB-4399-A84B-9D99C1700E96}.Debug|Any CPU.ActiveCfg = Debug|Any CPU
		{B1F4D9F3-73FB-4399-A84B-9D99C1700E96}.Debug|Any CPU.Build.0 = Debug|Any CPU
		{B1F4D9F3-73FB-4399-A84B-9D99C1700E96}.Release|Any CPU.ActiveCfg = Release|Any CPU
		{B1F4D9F3-73FB-4399-A84B-9D99C1700E96}.Release|Any CPU.Build.0 = Release|Any CPU
		{636BCCB6-C023-4D99-9505-12064DAF4B89}.Debug|Any CPU.ActiveCfg = Debug|Any CPU
		{636BCCB6-C023-4D99-9505-12064DAF4B89}.Debug|Any CPU.Build.0 = Debug|Any CPU
		{636BCCB6-C023-4D99-9505-12064DAF4B89}.Release|Any CPU.ActiveCfg = Release|Any CPU
		{636BCCB6-C023-4D99-9505-12064DAF4B89}.Release|Any CPU.Build.0 = Release|Any CPU
		{AEE3BFB3-E173-4E21-A70C-EE772E8E0BF7}.Debug|Any CPU.ActiveCfg = Debug|Any CPU
		{AEE3BFB3-E173-4E21-A70C-EE772E8E0BF7}.Debug|Any CPU.Build.0 = Debug|Any CPU
		{AEE3BFB3-E173-4E21-A70C-EE772E8E0BF7}.Release|Any CPU.ActiveCfg = Release|Any CPU
		{AEE3BFB3-E173-4E21-A70C-EE772E8E0BF7}.Release|Any CPU.Build.0 = Release|Any CPU
		{6F2AE717-73BB-4BA3-8C1D-E672622093FA}.Debug|Any CPU.ActiveCfg = Debug|Any CPU
		{6F2AE717-73BB-4BA3-8C1D-E672622093FA}.Debug|Any CPU.Build.0 = Debug|Any CPU
		{6F2AE717-73BB-4BA3-8C1D-E672622093FA}.Release|Any CPU.ActiveCfg = Release|Any CPU
		{6F2AE717-73BB-4BA3-8C1D-E672622093FA}.Release|Any CPU.Build.0 = Release|Any CPU
	EndGlobalSection
	GlobalSection(SolutionProperties) = preSolution
		HideSolutionNode = FALSE
	EndGlobalSection
EndGlobal
