
Microsoft Visual Studio Solution File, Format Version 12.00
# Visual Studio 2013
VisualStudioVersion = 12.0.21005.1
MinimumVisualStudioVersion = 10.0.40219.1
Project("{FAE04EC0-301F-11D3-BF4B-00C04F79EFBC}") = "01", "01\01.csproj", "{6C7B12D2-538F-4082-9E69-31F093B61FC7}"
EndProject
Project("{FAE04EC0-301F-11D3-BF4B-00C04F79EFBC}") = "02", "02\02.csproj", "{AE390B32-3E00-4E7C-B055-18F031C79014}"
EndProject
Project("{FAE04EC0-301F-11D3-BF4B-00C04F79EFBC}") = "03", "03\03.csproj", "{DE08B9CE-AFF2-4A85-9B89-23BE6380D21C}"
EndProject
Project("{FAE04EC0-301F-11D3-BF4B-00C04F79EFBC}") = "04", "04\04.csproj", "{7C1EB195-0705-4879-95BD-40F4BCD1CCBC}"
EndProject
Project("{FAE04EC0-301F-11D3-BF4B-00C04F79EFBC}") = "05", "05\05.csproj", "{0BE392EA-80CB-42E1-ACD3-DBF52372A859}"
EndProject
Project("{FAE04EC0-301F-11D3-BF4B-00C04F79EFBC}") = "06", "06\06.csproj", "{1E1C6E35-0E05-40A4-91CE-06A96A2803F9}"
EndProject
Project("{FAE04EC0-301F-11D3-BF4B-00C04F79EFBC}") = "07", "07\07.csproj", "{15955670-ECED-4BD7-869D-12B1AEE46D40}"
EndProject
Project("{FAE04EC0-301F-11D3-BF4B-00C04F79EFBC}") = "08", "08\08.csproj", "{BEDCB9BA-0FFC-490F-8EB3-217480AECC34}"
EndProject
Project("{FAE04EC0-301F-11D3-BF4B-00C04F79EFBC}") = "09", "09\09.csproj", "{71845848-A21B-4CAE-B6F2-B3209E6DF135}"
EndProject
Project("{FAE04EC0-301F-11D3-BF4B-00C04F79EFBC}") = "10", "10\10.csproj", "{EC99E7E9-0F20-4626-9568-97E18D0BFCA0}"
EndProject
Project("{FAE04EC0-301F-11D3-BF4B-00C04F79EFBC}") = "11", "11\11.csproj", "{AB42CC61-9104-4AB2-8409-DC498051AEDC}"
EndProject
Project("{FAE04EC0-301F-11D3-BF4B-00C04F79EFBC}") = "12", "12\12.csproj", "{34A00185-9717-477D-9CD8-690508FC6CA1}"
EndProject
Project("{FAE04EC0-301F-11D3-BF4B-00C04F79EFBC}") = "20", "20\20.csproj", "{03BA819F-2030-482F-8435-9DB80037B7FA}"
EndProject
Project("{FAE04EC0-301F-11D3-BF4B-00C04F79EFBC}") = "14", "14\14.csproj", "{307811AA-B8DF-42D8-8747-8AF1F28C1E04}"
EndProject
Project("{FAE04EC0-301F-11D3-BF4B-00C04F79EFBC}") = "15 - List.Remove - terribly slow", "15\15 - List.Remove - terribly slow.csproj", "{284525B2-D31C-43E9-9C80-A42C1125CD76}"
EndProject
Project("{FAE04EC0-301F-11D3-BF4B-00C04F79EFBC}") = "15.2", "15.2\15.2.csproj", "{1F04FCED-8D98-4876-8443-CD0118FA095F}"
EndProject
Project("{FAE04EC0-301F-11D3-BF4B-00C04F79EFBC}") = "21", "21\21.csproj", "{C3936C4D-6FFB-469C-85ED-161FDE9F9607}"
EndProject
Global
	GlobalSection(SolutionConfigurationPlatforms) = preSolution
		Debug|Any CPU = Debug|Any CPU
		Release|Any CPU = Release|Any CPU
	EndGlobalSection
	GlobalSection(ProjectConfigurationPlatforms) = postSolution
		{6C7B12D2-538F-4082-9E69-31F093B61FC7}.Debug|Any CPU.ActiveCfg = Debug|Any CPU
		{6C7B12D2-538F-4082-9E69-31F093B61FC7}.Debug|Any CPU.Build.0 = Debug|Any CPU
		{6C7B12D2-538F-4082-9E69-31F093B61FC7}.Release|Any CPU.ActiveCfg = Release|Any CPU
		{6C7B12D2-538F-4082-9E69-31F093B61FC7}.Release|Any CPU.Build.0 = Release|Any CPU
		{AE390B32-3E00-4E7C-B055-18F031C79014}.Debug|Any CPU.ActiveCfg = Debug|Any CPU
		{AE390B32-3E00-4E7C-B055-18F031C79014}.Debug|Any CPU.Build.0 = Debug|Any CPU
		{AE390B32-3E00-4E7C-B055-18F031C79014}.Release|Any CPU.ActiveCfg = Release|Any CPU
		{AE390B32-3E00-4E7C-B055-18F031C79014}.Release|Any CPU.Build.0 = Release|Any CPU
		{DE08B9CE-AFF2-4A85-9B89-23BE6380D21C}.Debug|Any CPU.ActiveCfg = Debug|Any CPU
		{DE08B9CE-AFF2-4A85-9B89-23BE6380D21C}.Debug|Any CPU.Build.0 = Debug|Any CPU
		{DE08B9CE-AFF2-4A85-9B89-23BE6380D21C}.Release|Any CPU.ActiveCfg = Release|Any CPU
		{DE08B9CE-AFF2-4A85-9B89-23BE6380D21C}.Release|Any CPU.Build.0 = Release|Any CPU
		{7C1EB195-0705-4879-95BD-40F4BCD1CCBC}.Debug|Any CPU.ActiveCfg = Debug|Any CPU
		{7C1EB195-0705-4879-95BD-40F4BCD1CCBC}.Debug|Any CPU.Build.0 = Debug|Any CPU
		{7C1EB195-0705-4879-95BD-40F4BCD1CCBC}.Release|Any CPU.ActiveCfg = Release|Any CPU
		{7C1EB195-0705-4879-95BD-40F4BCD1CCBC}.Release|Any CPU.Build.0 = Release|Any CPU
		{0BE392EA-80CB-42E1-ACD3-DBF52372A859}.Debug|Any CPU.ActiveCfg = Debug|Any CPU
		{0BE392EA-80CB-42E1-ACD3-DBF52372A859}.Debug|Any CPU.Build.0 = Debug|Any CPU
		{0BE392EA-80CB-42E1-ACD3-DBF52372A859}.Release|Any CPU.ActiveCfg = Release|Any CPU
		{0BE392EA-80CB-42E1-ACD3-DBF52372A859}.Release|Any CPU.Build.0 = Release|Any CPU
		{1E1C6E35-0E05-40A4-91CE-06A96A2803F9}.Debug|Any CPU.ActiveCfg = Debug|Any CPU
		{1E1C6E35-0E05-40A4-91CE-06A96A2803F9}.Debug|Any CPU.Build.0 = Debug|Any CPU
		{1E1C6E35-0E05-40A4-91CE-06A96A2803F9}.Release|Any CPU.ActiveCfg = Release|Any CPU
		{1E1C6E35-0E05-40A4-91CE-06A96A2803F9}.Release|Any CPU.Build.0 = Release|Any CPU
		{15955670-ECED-4BD7-869D-12B1AEE46D40}.Debug|Any CPU.ActiveCfg = Debug|Any CPU
		{15955670-ECED-4BD7-869D-12B1AEE46D40}.Debug|Any CPU.Build.0 = Debug|Any CPU
		{15955670-ECED-4BD7-869D-12B1AEE46D40}.Release|Any CPU.ActiveCfg = Release|Any CPU
		{15955670-ECED-4BD7-869D-12B1AEE46D40}.Release|Any CPU.Build.0 = Release|Any CPU
		{BEDCB9BA-0FFC-490F-8EB3-217480AECC34}.Debug|Any CPU.ActiveCfg = Debug|Any CPU
		{BEDCB9BA-0FFC-490F-8EB3-217480AECC34}.Debug|Any CPU.Build.0 = Debug|Any CPU
		{BEDCB9BA-0FFC-490F-8EB3-217480AECC34}.Release|Any CPU.ActiveCfg = Release|Any CPU
		{BEDCB9BA-0FFC-490F-8EB3-217480AECC34}.Release|Any CPU.Build.0 = Release|Any CPU
		{71845848-A21B-4CAE-B6F2-B3209E6DF135}.Debug|Any CPU.ActiveCfg = Debug|Any CPU
		{71845848-A21B-4CAE-B6F2-B3209E6DF135}.Debug|Any CPU.Build.0 = Debug|Any CPU
		{71845848-A21B-4CAE-B6F2-B3209E6DF135}.Release|Any CPU.ActiveCfg = Release|Any CPU
		{71845848-A21B-4CAE-B6F2-B3209E6DF135}.Release|Any CPU.Build.0 = Release|Any CPU
		{EC99E7E9-0F20-4626-9568-97E18D0BFCA0}.Debug|Any CPU.ActiveCfg = Debug|Any CPU
		{EC99E7E9-0F20-4626-9568-97E18D0BFCA0}.Debug|Any CPU.Build.0 = Debug|Any CPU
		{EC99E7E9-0F20-4626-9568-97E18D0BFCA0}.Release|Any CPU.ActiveCfg = Release|Any CPU
		{EC99E7E9-0F20-4626-9568-97E18D0BFCA0}.Release|Any CPU.Build.0 = Release|Any CPU
		{AB42CC61-9104-4AB2-8409-DC498051AEDC}.Debug|Any CPU.ActiveCfg = Debug|Any CPU
		{AB42CC61-9104-4AB2-8409-DC498051AEDC}.Debug|Any CPU.Build.0 = Debug|Any CPU
		{AB42CC61-9104-4AB2-8409-DC498051AEDC}.Release|Any CPU.ActiveCfg = Release|Any CPU
		{AB42CC61-9104-4AB2-8409-DC498051AEDC}.Release|Any CPU.Build.0 = Release|Any CPU
		{34A00185-9717-477D-9CD8-690508FC6CA1}.Debug|Any CPU.ActiveCfg = Debug|Any CPU
		{34A00185-9717-477D-9CD8-690508FC6CA1}.Debug|Any CPU.Build.0 = Debug|Any CPU
		{34A00185-9717-477D-9CD8-690508FC6CA1}.Release|Any CPU.ActiveCfg = Release|Any CPU
		{34A00185-9717-477D-9CD8-690508FC6CA1}.Release|Any CPU.Build.0 = Release|Any CPU
		{03BA819F-2030-482F-8435-9DB80037B7FA}.Debug|Any CPU.ActiveCfg = Debug|Any CPU
		{03BA819F-2030-482F-8435-9DB80037B7FA}.Debug|Any CPU.Build.0 = Debug|Any CPU
		{03BA819F-2030-482F-8435-9DB80037B7FA}.Release|Any CPU.ActiveCfg = Release|Any CPU
		{03BA819F-2030-482F-8435-9DB80037B7FA}.Release|Any CPU.Build.0 = Release|Any CPU
		{307811AA-B8DF-42D8-8747-8AF1F28C1E04}.Debug|Any CPU.ActiveCfg = Debug|Any CPU
		{307811AA-B8DF-42D8-8747-8AF1F28C1E04}.Debug|Any CPU.Build.0 = Debug|Any CPU
		{307811AA-B8DF-42D8-8747-8AF1F28C1E04}.Release|Any CPU.ActiveCfg = Release|Any CPU
		{307811AA-B8DF-42D8-8747-8AF1F28C1E04}.Release|Any CPU.Build.0 = Release|Any CPU
		{284525B2-D31C-43E9-9C80-A42C1125CD76}.Debug|Any CPU.ActiveCfg = Debug|Any CPU
		{284525B2-D31C-43E9-9C80-A42C1125CD76}.Debug|Any CPU.Build.0 = Debug|Any CPU
		{284525B2-D31C-43E9-9C80-A42C1125CD76}.Release|Any CPU.ActiveCfg = Release|Any CPU
		{284525B2-D31C-43E9-9C80-A42C1125CD76}.Release|Any CPU.Build.0 = Release|Any CPU
		{1F04FCED-8D98-4876-8443-CD0118FA095F}.Debug|Any CPU.ActiveCfg = Debug|Any CPU
		{1F04FCED-8D98-4876-8443-CD0118FA095F}.Debug|Any CPU.Build.0 = Debug|Any CPU
		{1F04FCED-8D98-4876-8443-CD0118FA095F}.Release|Any CPU.ActiveCfg = Release|Any CPU
		{1F04FCED-8D98-4876-8443-CD0118FA095F}.Release|Any CPU.Build.0 = Release|Any CPU
		{C3936C4D-6FFB-469C-85ED-161FDE9F9607}.Debug|Any CPU.ActiveCfg = Debug|Any CPU
		{C3936C4D-6FFB-469C-85ED-161FDE9F9607}.Debug|Any CPU.Build.0 = Debug|Any CPU
		{C3936C4D-6FFB-469C-85ED-161FDE9F9607}.Release|Any CPU.ActiveCfg = Release|Any CPU
		{C3936C4D-6FFB-469C-85ED-161FDE9F9607}.Release|Any CPU.Build.0 = Release|Any CPU
	EndGlobalSection
	GlobalSection(SolutionProperties) = preSolution
		HideSolutionNode = FALSE
	EndGlobalSection
EndGlobal
