
Microsoft Visual Studio Solution File, Format Version 12.00
# Visual Studio 2013
VisualStudioVersion = 12.0.21005.1
MinimumVisualStudioVersion = 10.0.40219.1
Project("{FAE04EC0-301F-11D3-BF4B-00C04F79EFBC}") = "369", "369\369.csproj", "{210E71C8-E6A4-4A71-A145-61F06AB1B4EE}"
EndProject
Project("{FAE04EC0-301F-11D3-BF4B-00C04F79EFBC}") = "livingCode", "livingCode\livingCode.csproj", "{0A30351B-CD2D-49DF-8DB6-01AE6A971415}"
EndProject
Project("{FAE04EC0-301F-11D3-BF4B-00C04F79EFBC}") = "Diamond Trolls", "Diamond Trolls\Diamond Trolls.csproj", "{AE8A60DE-A168-44B4-A83D-9434BA786279}"
EndProject
Project("{FAE04EC0-301F-11D3-BF4B-00C04F79EFBC}") = "warHead", "warHead\warHead.csproj", "{B6980734-DADC-4B41-BC75-A9AC9EA7359E}"
EndProject
Project("{FAE04EC0-301F-11D3-BF4B-00C04F79EFBC}") = "expression", "expression\expression.csproj", "{438A4F0D-E623-4758-86C2-72F6E349CFFA}"
EndProject
Global
	GlobalSection(SolutionConfigurationPlatforms) = preSolution
		Debug|Any CPU = Debug|Any CPU
		Release|Any CPU = Release|Any CPU
	EndGlobalSection
	GlobalSection(ProjectConfigurationPlatforms) = postSolution
		{210E71C8-E6A4-4A71-A145-61F06AB1B4EE}.Debug|Any CPU.ActiveCfg = Debug|Any CPU
		{210E71C8-E6A4-4A71-A145-61F06AB1B4EE}.Debug|Any CPU.Build.0 = Debug|Any CPU
		{210E71C8-E6A4-4A71-A145-61F06AB1B4EE}.Release|Any CPU.ActiveCfg = Release|Any CPU
		{210E71C8-E6A4-4A71-A145-61F06AB1B4EE}.Release|Any CPU.Build.0 = Release|Any CPU
		{0A30351B-CD2D-49DF-8DB6-01AE6A971415}.Debug|Any CPU.ActiveCfg = Debug|Any CPU
		{0A30351B-CD2D-49DF-8DB6-01AE6A971415}.Debug|Any CPU.Build.0 = Debug|Any CPU
		{0A30351B-CD2D-49DF-8DB6-01AE6A971415}.Release|Any CPU.ActiveCfg = Release|Any CPU
		{0A30351B-CD2D-49DF-8DB6-01AE6A971415}.Release|Any CPU.Build.0 = Release|Any CPU
		{AE8A60DE-A168-44B4-A83D-9434BA786279}.Debug|Any CPU.ActiveCfg = Debug|Any CPU
		{AE8A60DE-A168-44B4-A83D-9434BA786279}.Debug|Any CPU.Build.0 = Debug|Any CPU
		{AE8A60DE-A168-44B4-A83D-9434BA786279}.Release|Any CPU.ActiveCfg = Release|Any CPU
		{AE8A60DE-A168-44B4-A83D-9434BA786279}.Release|Any CPU.Build.0 = Release|Any CPU
		{B6980734-DADC-4B41-BC75-A9AC9EA7359E}.Debug|Any CPU.ActiveCfg = Debug|Any CPU
		{B6980734-DADC-4B41-BC75-A9AC9EA7359E}.Debug|Any CPU.Build.0 = Debug|Any CPU
		{B6980734-DADC-4B41-BC75-A9AC9EA7359E}.Release|Any CPU.ActiveCfg = Release|Any CPU
		{B6980734-DADC-4B41-BC75-A9AC9EA7359E}.Release|Any CPU.Build.0 = Release|Any CPU
		{438A4F0D-E623-4758-86C2-72F6E349CFFA}.Debug|Any CPU.ActiveCfg = Debug|Any CPU
		{438A4F0D-E623-4758-86C2-72F6E349CFFA}.Debug|Any CPU.Build.0 = Debug|Any CPU
		{438A4F0D-E623-4758-86C2-72F6E349CFFA}.Release|Any CPU.ActiveCfg = Release|Any CPU
		{438A4F0D-E623-4758-86C2-72F6E349CFFA}.Release|Any CPU.Build.0 = Release|Any CPU
	EndGlobalSection
	GlobalSection(SolutionProperties) = preSolution
		HideSolutionNode = FALSE
	EndGlobalSection
EndGlobal
