
Microsoft Visual Studio Solution File, Format Version 12.00
# Visual Studio 2012
Project("{FAE04EC0-301F-11D3-BF4B-00C04F79EFBC}") = "01", "01\01.csproj", "{C3695C1C-F871-488C-8E09-BFF4D3DD4E9B}"
EndProject
Project("{FAE04EC0-301F-11D3-BF4B-00C04F79EFBC}") = "02", "02\02.csproj", "{248EC1FC-48F5-4163-B0A2-C9A484B3E254}"
EndProject
Project("{FAE04EC0-301F-11D3-BF4B-00C04F79EFBC}") = "03", "03\03.csproj", "{8CDAEA05-42C5-4ED1-A282-A013D355B88B}"
EndProject
Project("{FAE04EC0-301F-11D3-BF4B-00C04F79EFBC}") = "04", "04\04.csproj", "{C8D74E7F-16DB-4DE9-8139-6092F7C2F4ED}"
EndProject
Project("{FAE04EC0-301F-11D3-BF4B-00C04F79EFBC}") = "05", "05\05.csproj", "{7B35BF00-33E3-404D-AFF5-D0BC508F1C28}"
EndProject
Project("{FAE04EC0-301F-11D3-BF4B-00C04F79EFBC}") = "06", "06\06.csproj", "{68432218-94E6-440D-BB8E-80ED8CB333CD}"
EndProject
Project("{FAE04EC0-301F-11D3-BF4B-00C04F79EFBC}") = "07", "07\07.csproj", "{9F23A10F-161E-426E-8598-C9CF58FF7226}"
EndProject
Project("{FAE04EC0-301F-11D3-BF4B-00C04F79EFBC}") = "08", "08\08.csproj", "{58C6EBE0-F403-4F75-ADD3-25402DE0E278}"
EndProject
Project("{FAE04EC0-301F-11D3-BF4B-00C04F79EFBC}") = "09", "09\09.csproj", "{CD3C6B74-4E32-41B0-A770-619E94FA816B}"
EndProject
Project("{FAE04EC0-301F-11D3-BF4B-00C04F79EFBC}") = "10", "10\10.csproj", "{4A991F29-2348-4714-9865-6FC8F82ACF5C}"
EndProject
Project("{FAE04EC0-301F-11D3-BF4B-00C04F79EFBC}") = "11", "11\11.csproj", "{DF4602FE-EA2B-4E33-8EB8-556CD1C71A4A}"
EndProject
Project("{FAE04EC0-301F-11D3-BF4B-00C04F79EFBC}") = "12", "12\12.csproj", "{BE437797-FE79-48EE-A976-4C81F529C376}"
EndProject
Project("{FAE04EC0-301F-11D3-BF4B-00C04F79EFBC}") = "13", "13\13.csproj", "{08C1B245-A0C8-42AC-B9AD-1BC0DFB4C10B}"
EndProject
Project("{FAE04EC0-301F-11D3-BF4B-00C04F79EFBC}") = "14", "14\14.csproj", "{0AB8A284-82B1-4EFA-A7CE-16EC35DF6F2C}"
EndProject
Global
	GlobalSection(SolutionConfigurationPlatforms) = preSolution
		Debug|Any CPU = Debug|Any CPU
		Release|Any CPU = Release|Any CPU
	EndGlobalSection
	GlobalSection(ProjectConfigurationPlatforms) = postSolution
		{C3695C1C-F871-488C-8E09-BFF4D3DD4E9B}.Debug|Any CPU.ActiveCfg = Debug|Any CPU
		{C3695C1C-F871-488C-8E09-BFF4D3DD4E9B}.Debug|Any CPU.Build.0 = Debug|Any CPU
		{C3695C1C-F871-488C-8E09-BFF4D3DD4E9B}.Release|Any CPU.ActiveCfg = Release|Any CPU
		{C3695C1C-F871-488C-8E09-BFF4D3DD4E9B}.Release|Any CPU.Build.0 = Release|Any CPU
		{248EC1FC-48F5-4163-B0A2-C9A484B3E254}.Debug|Any CPU.ActiveCfg = Debug|Any CPU
		{248EC1FC-48F5-4163-B0A2-C9A484B3E254}.Debug|Any CPU.Build.0 = Debug|Any CPU
		{248EC1FC-48F5-4163-B0A2-C9A484B3E254}.Release|Any CPU.ActiveCfg = Release|Any CPU
		{248EC1FC-48F5-4163-B0A2-C9A484B3E254}.Release|Any CPU.Build.0 = Release|Any CPU
		{8CDAEA05-42C5-4ED1-A282-A013D355B88B}.Debug|Any CPU.ActiveCfg = Debug|Any CPU
		{8CDAEA05-42C5-4ED1-A282-A013D355B88B}.Debug|Any CPU.Build.0 = Debug|Any CPU
		{8CDAEA05-42C5-4ED1-A282-A013D355B88B}.Release|Any CPU.ActiveCfg = Release|Any CPU
		{8CDAEA05-42C5-4ED1-A282-A013D355B88B}.Release|Any CPU.Build.0 = Release|Any CPU
		{C8D74E7F-16DB-4DE9-8139-6092F7C2F4ED}.Debug|Any CPU.ActiveCfg = Debug|Any CPU
		{C8D74E7F-16DB-4DE9-8139-6092F7C2F4ED}.Debug|Any CPU.Build.0 = Debug|Any CPU
		{C8D74E7F-16DB-4DE9-8139-6092F7C2F4ED}.Release|Any CPU.ActiveCfg = Release|Any CPU
		{C8D74E7F-16DB-4DE9-8139-6092F7C2F4ED}.Release|Any CPU.Build.0 = Release|Any CPU
		{7B35BF00-33E3-404D-AFF5-D0BC508F1C28}.Debug|Any CPU.ActiveCfg = Debug|Any CPU
		{7B35BF00-33E3-404D-AFF5-D0BC508F1C28}.Debug|Any CPU.Build.0 = Debug|Any CPU
		{7B35BF00-33E3-404D-AFF5-D0BC508F1C28}.Release|Any CPU.ActiveCfg = Release|Any CPU
		{7B35BF00-33E3-404D-AFF5-D0BC508F1C28}.Release|Any CPU.Build.0 = Release|Any CPU
		{68432218-94E6-440D-BB8E-80ED8CB333CD}.Debug|Any CPU.ActiveCfg = Debug|Any CPU
		{68432218-94E6-440D-BB8E-80ED8CB333CD}.Debug|Any CPU.Build.0 = Debug|Any CPU
		{68432218-94E6-440D-BB8E-80ED8CB333CD}.Release|Any CPU.ActiveCfg = Release|Any CPU
		{68432218-94E6-440D-BB8E-80ED8CB333CD}.Release|Any CPU.Build.0 = Release|Any CPU
		{9F23A10F-161E-426E-8598-C9CF58FF7226}.Debug|Any CPU.ActiveCfg = Debug|Any CPU
		{9F23A10F-161E-426E-8598-C9CF58FF7226}.Debug|Any CPU.Build.0 = Debug|Any CPU
		{9F23A10F-161E-426E-8598-C9CF58FF7226}.Release|Any CPU.ActiveCfg = Release|Any CPU
		{9F23A10F-161E-426E-8598-C9CF58FF7226}.Release|Any CPU.Build.0 = Release|Any CPU
		{58C6EBE0-F403-4F75-ADD3-25402DE0E278}.Debug|Any CPU.ActiveCfg = Debug|Any CPU
		{58C6EBE0-F403-4F75-ADD3-25402DE0E278}.Debug|Any CPU.Build.0 = Debug|Any CPU
		{58C6EBE0-F403-4F75-ADD3-25402DE0E278}.Release|Any CPU.ActiveCfg = Release|Any CPU
		{58C6EBE0-F403-4F75-ADD3-25402DE0E278}.Release|Any CPU.Build.0 = Release|Any CPU
		{CD3C6B74-4E32-41B0-A770-619E94FA816B}.Debug|Any CPU.ActiveCfg = Debug|Any CPU
		{CD3C6B74-4E32-41B0-A770-619E94FA816B}.Debug|Any CPU.Build.0 = Debug|Any CPU
		{CD3C6B74-4E32-41B0-A770-619E94FA816B}.Release|Any CPU.ActiveCfg = Release|Any CPU
		{CD3C6B74-4E32-41B0-A770-619E94FA816B}.Release|Any CPU.Build.0 = Release|Any CPU
		{4A991F29-2348-4714-9865-6FC8F82ACF5C}.Debug|Any CPU.ActiveCfg = Debug|Any CPU
		{4A991F29-2348-4714-9865-6FC8F82ACF5C}.Debug|Any CPU.Build.0 = Debug|Any CPU
		{4A991F29-2348-4714-9865-6FC8F82ACF5C}.Release|Any CPU.ActiveCfg = Release|Any CPU
		{4A991F29-2348-4714-9865-6FC8F82ACF5C}.Release|Any CPU.Build.0 = Release|Any CPU
		{DF4602FE-EA2B-4E33-8EB8-556CD1C71A4A}.Debug|Any CPU.ActiveCfg = Debug|Any CPU
		{DF4602FE-EA2B-4E33-8EB8-556CD1C71A4A}.Debug|Any CPU.Build.0 = Debug|Any CPU
		{DF4602FE-EA2B-4E33-8EB8-556CD1C71A4A}.Release|Any CPU.ActiveCfg = Release|Any CPU
		{DF4602FE-EA2B-4E33-8EB8-556CD1C71A4A}.Release|Any CPU.Build.0 = Release|Any CPU
		{BE437797-FE79-48EE-A976-4C81F529C376}.Debug|Any CPU.ActiveCfg = Debug|Any CPU
		{BE437797-FE79-48EE-A976-4C81F529C376}.Debug|Any CPU.Build.0 = Debug|Any CPU
		{BE437797-FE79-48EE-A976-4C81F529C376}.Release|Any CPU.ActiveCfg = Release|Any CPU
		{BE437797-FE79-48EE-A976-4C81F529C376}.Release|Any CPU.Build.0 = Release|Any CPU
		{08C1B245-A0C8-42AC-B9AD-1BC0DFB4C10B}.Debug|Any CPU.ActiveCfg = Debug|Any CPU
		{08C1B245-A0C8-42AC-B9AD-1BC0DFB4C10B}.Debug|Any CPU.Build.0 = Debug|Any CPU
		{08C1B245-A0C8-42AC-B9AD-1BC0DFB4C10B}.Release|Any CPU.ActiveCfg = Release|Any CPU
		{08C1B245-A0C8-42AC-B9AD-1BC0DFB4C10B}.Release|Any CPU.Build.0 = Release|Any CPU
		{0AB8A284-82B1-4EFA-A7CE-16EC35DF6F2C}.Debug|Any CPU.ActiveCfg = Debug|Any CPU
		{0AB8A284-82B1-4EFA-A7CE-16EC35DF6F2C}.Debug|Any CPU.Build.0 = Debug|Any CPU
		{0AB8A284-82B1-4EFA-A7CE-16EC35DF6F2C}.Release|Any CPU.ActiveCfg = Release|Any CPU
		{0AB8A284-82B1-4EFA-A7CE-16EC35DF6F2C}.Release|Any CPU.Build.0 = Release|Any CPU
	EndGlobalSection
	GlobalSection(SolutionProperties) = preSolution
		HideSolutionNode = FALSE
	EndGlobalSection
EndGlobal
